
Microsoft Visual Studio Solution File, Format Version 12.00
# Visual Studio Version 17
VisualStudioVersion = 17.2.32526.322
MinimumVisualStudioVersion = 10.0.40219.1
Project("{9A19103F-16F7-4668-BE54-9A1E7A4F7556}") = "AnimalCountingDatabase", "AnimalCountingDatabase.csproj", "{4C56C1BE-EC70-484C-80EB-CFB8C3365974}"
EndProject
Project("{FAE04EC0-301F-11D3-BF4B-00C04F79EFBC}") = "AnimalCountingDatabase.Tests", "..\AnimalCountingDatabase.Tests\AnimalCountingDatabase.Tests.csproj", "{08FA5FAF-E9BC-402B-8B50-1879BC77BE51}"
EndProject
Global
	GlobalSection(SolutionConfigurationPlatforms) = preSolution
		Debug|Any CPU = Debug|Any CPU
		Release|Any CPU = Release|Any CPU
	EndGlobalSection
	GlobalSection(ProjectConfigurationPlatforms) = postSolution
		{4C56C1BE-EC70-484C-80EB-CFB8C3365974}.Debug|Any CPU.ActiveCfg = Debug|Any CPU
		{4C56C1BE-EC70-484C-80EB-CFB8C3365974}.Debug|Any CPU.Build.0 = Debug|Any CPU
		{4C56C1BE-EC70-484C-80EB-CFB8C3365974}.Release|Any CPU.ActiveCfg = Release|Any CPU
		{4C56C1BE-EC70-484C-80EB-CFB8C3365974}.Release|Any CPU.Build.0 = Release|Any CPU
		{08FA5FAF-E9BC-402B-8B50-1879BC77BE51}.Debug|Any CPU.ActiveCfg = Debug|Any CPU
		{08FA5FAF-E9BC-402B-8B50-1879BC77BE51}.Debug|Any CPU.Build.0 = Debug|Any CPU
		{08FA5FAF-E9BC-402B-8B50-1879BC77BE51}.Release|Any CPU.ActiveCfg = Release|Any CPU
		{08FA5FAF-E9BC-402B-8B50-1879BC77BE51}.Release|Any CPU.Build.0 = Release|Any CPU
	EndGlobalSection
	GlobalSection(SolutionProperties) = preSolution
		HideSolutionNode = FALSE
	EndGlobalSection
	GlobalSection(ExtensibilityGlobals) = postSolution
		SolutionGuid = {ADBEC2E0-60F4-436D-A298-A51C4C9C3F8D}
	EndGlobalSection
EndGlobal
